
Microsoft Visual Studio Solution File, Format Version 12.00
# Visual Studio Version 17
VisualStudioVersion = 17.0.31903.59
MinimumVisualStudioVersion = 10.0.40219.1
Project("{2150E333-8FDC-42A3-9474-1A3956D46DE8}") = "src", "src", "{CAFD053B-97E0-4F65-AFA6-6DEB1F160EFD}"
EndProject
Project("{FAE04EC0-301F-11D3-BF4B-00C04F79EFBC}") = "Feuerwehr.Domain", "src\Feuerwehr.Domain\Feuerwehr.Domain.csproj", "{BEAA30F9-2644-469B-8C2B-BC0BA413D457}"
EndProject
Project("{2150E333-8FDC-42A3-9474-1A3956D46DE8}") = "tests", "tests", "{122AC94A-9D21-47F9-A1E5-710687074046}"
EndProject
Project("{FAE04EC0-301F-11D3-BF4B-00C04F79EFBC}") = "Feuerwehr.Domain.Tests", "tests\Feuerwehr.Domain.Tests\Feuerwehr.Domain.Tests.csproj", "{46BC0C00-230B-449A-BA0E-840413737647}"
EndProject
Project("{FAE04EC0-301F-11D3-BF4B-00C04F79EFBC}") = "Feuerwehr.Persistence", "src\Feuerwehr.Persistence\Feuerwehr.Persistence.csproj", "{02FB873A-7108-4336-9B13-C6399B5311F9}"
EndProject
Project("{FAE04EC0-301F-11D3-BF4B-00C04F79EFBC}") = "Feuerwehr.Persistence.Tests", "tests\Feuerwehr.Persistence.Tests\Feuerwehr.Persistence.Tests.csproj", "{F4E52A7C-E34B-4F09-A978-843D72BB7C1E}"
EndProject
Project("{FAE04EC0-301F-11D3-BF4B-00C04F79EFBC}") = "Feuerwehr.Documents", "src\Feuerwehr.Documents\Feuerwehr.Documents.csproj", "{99734780-20C5-46BA-935A-14369DD2CCF5}"
EndProject
Project("{FAE04EC0-301F-11D3-BF4B-00C04F79EFBC}") = "Feuerwehr.Documents.Tests", "tests\Feuerwehr.Documents.Tests\Feuerwehr.Documents.Tests.csproj", "{20A4315A-E3C4-408D-9D99-DCD98E7AD7A3}"
EndProject
Project("{FAE04EC0-301F-11D3-BF4B-00C04F79EFBC}") = "Feuerwehr.AppLogic", "src\Feuerwehr.AppLogic\Feuerwehr.AppLogic.csproj", "{7825AFCB-DAFF-49B1-9FA6-7BE561C4B56B}"
EndProject
Project("{FAE04EC0-301F-11D3-BF4B-00C04F79EFBC}") = "Feuerwehr.AppLogic.Tests", "tests\Feuerwehr.AppLogic.Tests\Feuerwehr.AppLogic.Tests.csproj", "{988BC3FA-E298-4F5D-8402-432BB346845E}"
EndProject
Project("{FAE04EC0-301F-11D3-BF4B-00C04F79EFBC}") = "Feuerwehr.App.Shared", "src\Feuerwehr.App.Shared\Feuerwehr.App.Shared.csproj", "{1E2AA3D4-27E2-461F-9817-1F2E920289AF}"
EndProject
Project("{FAE04EC0-301F-11D3-BF4B-00C04F79EFBC}") = "Feuerwehr.App.Android", "src\Feuerwehr.App.Android\Feuerwehr.App.Android.csproj", "{B712CFB8-CCF5-4EF6-BA00-B6DB8D4CD69C}"
EndProject
Project("{FAE04EC0-301F-11D3-BF4B-00C04F79EFBC}") = "Feuerwehr.App", "src\Feuerwehr.App\Feuerwehr.App.csproj", "{AC866715-F131-490E-814A-5A34134D61DB}"
EndProject
Project("{FAE04EC0-301F-11D3-BF4B-00C04F79EFBC}") = "Feuerwehr.App.Tests", "tests\Feuerwehr.App.Tests\Feuerwehr.App.Tests.csproj", "{E8834894-960E-4535-ACDC-4A5391C53BD6}"
EndProject
Project("{FAE04EC0-301F-11D3-BF4B-00C04F79EFBC}") = "Feuerwehr.Acceptance.Tests", "tests\Feuerwehr.Acceptance.Tests\Feuerwehr.Acceptance.Tests.csproj", "{93C193FA-3EB4-4694-AAF9-4A5760557ACA}"
EndProject
Global
	GlobalSection(SolutionConfigurationPlatforms) = preSolution
		Debug|Any CPU = Debug|Any CPU
		Release|Any CPU = Release|Any CPU
	EndGlobalSection
	GlobalSection(SolutionProperties) = preSolution
		HideSolutionNode = FALSE
	EndGlobalSection
	GlobalSection(ProjectConfigurationPlatforms) = postSolution
		{BEAA30F9-2644-469B-8C2B-BC0BA413D457}.Debug|Any CPU.ActiveCfg = Debug|Any CPU
		{BEAA30F9-2644-469B-8C2B-BC0BA413D457}.Debug|Any CPU.Build.0 = Debug|Any CPU
		{BEAA30F9-2644-469B-8C2B-BC0BA413D457}.Release|Any CPU.ActiveCfg = Release|Any CPU
		{BEAA30F9-2644-469B-8C2B-BC0BA413D457}.Release|Any CPU.Build.0 = Release|Any CPU
		{46BC0C00-230B-449A-BA0E-840413737647}.Debug|Any CPU.ActiveCfg = Debug|Any CPU
		{46BC0C00-230B-449A-BA0E-840413737647}.Debug|Any CPU.Build.0 = Debug|Any CPU
		{46BC0C00-230B-449A-BA0E-840413737647}.Release|Any CPU.ActiveCfg = Release|Any CPU
		{46BC0C00-230B-449A-BA0E-840413737647}.Release|Any CPU.Build.0 = Release|Any CPU
		{02FB873A-7108-4336-9B13-C6399B5311F9}.Debug|Any CPU.ActiveCfg = Debug|Any CPU
		{02FB873A-7108-4336-9B13-C6399B5311F9}.Debug|Any CPU.Build.0 = Debug|Any CPU
		{02FB873A-7108-4336-9B13-C6399B5311F9}.Release|Any CPU.ActiveCfg = Release|Any CPU
		{02FB873A-7108-4336-9B13-C6399B5311F9}.Release|Any CPU.Build.0 = Release|Any CPU
		{F4E52A7C-E34B-4F09-A978-843D72BB7C1E}.Debug|Any CPU.ActiveCfg = Debug|Any CPU
		{F4E52A7C-E34B-4F09-A978-843D72BB7C1E}.Debug|Any CPU.Build.0 = Debug|Any CPU
		{F4E52A7C-E34B-4F09-A978-843D72BB7C1E}.Release|Any CPU.ActiveCfg = Release|Any CPU
		{F4E52A7C-E34B-4F09-A978-843D72BB7C1E}.Release|Any CPU.Build.0 = Release|Any CPU
		{99734780-20C5-46BA-935A-14369DD2CCF5}.Debug|Any CPU.ActiveCfg = Debug|Any CPU
		{99734780-20C5-46BA-935A-14369DD2CCF5}.Debug|Any CPU.Build.0 = Debug|Any CPU
		{99734780-20C5-46BA-935A-14369DD2CCF5}.Release|Any CPU.ActiveCfg = Release|Any CPU
		{99734780-20C5-46BA-935A-14369DD2CCF5}.Release|Any CPU.Build.0 = Release|Any CPU
		{20A4315A-E3C4-408D-9D99-DCD98E7AD7A3}.Debug|Any CPU.ActiveCfg = Debug|Any CPU
		{20A4315A-E3C4-408D-9D99-DCD98E7AD7A3}.Debug|Any CPU.Build.0 = Debug|Any CPU
		{20A4315A-E3C4-408D-9D99-DCD98E7AD7A3}.Release|Any CPU.ActiveCfg = Release|Any CPU
		{20A4315A-E3C4-408D-9D99-DCD98E7AD7A3}.Release|Any CPU.Build.0 = Release|Any CPU
		{7825AFCB-DAFF-49B1-9FA6-7BE561C4B56B}.Debug|Any CPU.ActiveCfg = Debug|Any CPU
		{7825AFCB-DAFF-49B1-9FA6-7BE561C4B56B}.Debug|Any CPU.Build.0 = Debug|Any CPU
		{7825AFCB-DAFF-49B1-9FA6-7BE561C4B56B}.Release|Any CPU.ActiveCfg = Release|Any CPU
		{7825AFCB-DAFF-49B1-9FA6-7BE561C4B56B}.Release|Any CPU.Build.0 = Release|Any CPU
		{988BC3FA-E298-4F5D-8402-432BB346845E}.Debug|Any CPU.ActiveCfg = Debug|Any CPU
		{988BC3FA-E298-4F5D-8402-432BB346845E}.Debug|Any CPU.Build.0 = Debug|Any CPU
		{988BC3FA-E298-4F5D-8402-432BB346845E}.Release|Any CPU.ActiveCfg = Release|Any CPU
		{988BC3FA-E298-4F5D-8402-432BB346845E}.Release|Any CPU.Build.0 = Release|Any CPU
		{1E2AA3D4-27E2-461F-9817-1F2E920289AF}.Debug|Any CPU.ActiveCfg = Debug|Any CPU
		{1E2AA3D4-27E2-461F-9817-1F2E920289AF}.Debug|Any CPU.Build.0 = Debug|Any CPU
		{1E2AA3D4-27E2-461F-9817-1F2E920289AF}.Release|Any CPU.ActiveCfg = Release|Any CPU
		{1E2AA3D4-27E2-461F-9817-1F2E920289AF}.Release|Any CPU.Build.0 = Release|Any CPU
		{B712CFB8-CCF5-4EF6-BA00-B6DB8D4CD69C}.Debug|Any CPU.ActiveCfg = Debug|Any CPU
		{B712CFB8-CCF5-4EF6-BA00-B6DB8D4CD69C}.Debug|Any CPU.Build.0 = Debug|Any CPU
		{B712CFB8-CCF5-4EF6-BA00-B6DB8D4CD69C}.Release|Any CPU.ActiveCfg = Release|Any CPU
		{B712CFB8-CCF5-4EF6-BA00-B6DB8D4CD69C}.Release|Any CPU.Build.0 = Release|Any CPU
		{AC866715-F131-490E-814A-5A34134D61DB}.Debug|Any CPU.ActiveCfg = Debug|Any CPU
		{AC866715-F131-490E-814A-5A34134D61DB}.Debug|Any CPU.Build.0 = Debug|Any CPU
		{AC866715-F131-490E-814A-5A34134D61DB}.Release|Any CPU.ActiveCfg = Release|Any CPU
		{AC866715-F131-490E-814A-5A34134D61DB}.Release|Any CPU.Build.0 = Release|Any CPU
		{E8834894-960E-4535-ACDC-4A5391C53BD6}.Debug|Any CPU.ActiveCfg = Debug|Any CPU
		{E8834894-960E-4535-ACDC-4A5391C53BD6}.Debug|Any CPU.Build.0 = Debug|Any CPU
		{E8834894-960E-4535-ACDC-4A5391C53BD6}.Release|Any CPU.ActiveCfg = Release|Any CPU
		{E8834894-960E-4535-ACDC-4A5391C53BD6}.Release|Any CPU.Build.0 = Release|Any CPU
		{93C193FA-3EB4-4694-AAF9-4A5760557ACA}.Debug|Any CPU.ActiveCfg = Debug|Any CPU
		{93C193FA-3EB4-4694-AAF9-4A5760557ACA}.Debug|Any CPU.Build.0 = Debug|Any CPU
		{93C193FA-3EB4-4694-AAF9-4A5760557ACA}.Release|Any CPU.ActiveCfg = Release|Any CPU
		{93C193FA-3EB4-4694-AAF9-4A5760557ACA}.Release|Any CPU.Build.0 = Release|Any CPU
	EndGlobalSection
	GlobalSection(NestedProjects) = preSolution
		{BEAA30F9-2644-469B-8C2B-BC0BA413D457} = {CAFD053B-97E0-4F65-AFA6-6DEB1F160EFD}
		{46BC0C00-230B-449A-BA0E-840413737647} = {122AC94A-9D21-47F9-A1E5-710687074046}
		{02FB873A-7108-4336-9B13-C6399B5311F9} = {CAFD053B-97E0-4F65-AFA6-6DEB1F160EFD}
		{F4E52A7C-E34B-4F09-A978-843D72BB7C1E} = {122AC94A-9D21-47F9-A1E5-710687074046}
		{99734780-20C5-46BA-935A-14369DD2CCF5} = {CAFD053B-97E0-4F65-AFA6-6DEB1F160EFD}
		{20A4315A-E3C4-408D-9D99-DCD98E7AD7A3} = {122AC94A-9D21-47F9-A1E5-710687074046}
		{7825AFCB-DAFF-49B1-9FA6-7BE561C4B56B} = {CAFD053B-97E0-4F65-AFA6-6DEB1F160EFD}
		{988BC3FA-E298-4F5D-8402-432BB346845E} = {122AC94A-9D21-47F9-A1E5-710687074046}
		{1E2AA3D4-27E2-461F-9817-1F2E920289AF} = {CAFD053B-97E0-4F65-AFA6-6DEB1F160EFD}
		{B712CFB8-CCF5-4EF6-BA00-B6DB8D4CD69C} = {CAFD053B-97E0-4F65-AFA6-6DEB1F160EFD}
		{AC866715-F131-490E-814A-5A34134D61DB} = {CAFD053B-97E0-4F65-AFA6-6DEB1F160EFD}
		{E8834894-960E-4535-ACDC-4A5391C53BD6} = {122AC94A-9D21-47F9-A1E5-710687074046}
		{93C193FA-3EB4-4694-AAF9-4A5760557ACA} = {122AC94A-9D21-47F9-A1E5-710687074046}
	EndGlobalSection
EndGlobal
