
Microsoft Visual Studio Solution File, Format Version 12.00
# Visual Studio Version 17
VisualStudioVersion = 17.0.31903.59
MinimumVisualStudioVersion = 10.0.40219.1
Project("{2150E333-8FDC-42A3-9474-1A3956D46DE8}") = "src", "src", "{CAFD053B-97E0-4F65-AFA6-6DEB1F160EFD}"
EndProject
Project("{FAE04EC0-301F-11D3-BF4B-00C04F79EFBC}") = "LageBuch.Domain", "src\LageBuch.Domain\LageBuch.Domain.csproj", "{BEAA30F9-2644-469B-8C2B-BC0BA413D457}"
EndProject
Project("{2150E333-8FDC-42A3-9474-1A3956D46DE8}") = "tests", "tests", "{122AC94A-9D21-47F9-A1E5-710687074046}"
EndProject
Project("{FAE04EC0-301F-11D3-BF4B-00C04F79EFBC}") = "LageBuch.Domain.Tests", "tests\LageBuch.Domain.Tests\LageBuch.Domain.Tests.csproj", "{46BC0C00-230B-449A-BA0E-840413737647}"
EndProject
Project("{FAE04EC0-301F-11D3-BF4B-00C04F79EFBC}") = "LageBuch.Persistence", "src\LageBuch.Persistence\LageBuch.Persistence.csproj", "{02FB873A-7108-4336-9B13-C6399B5311F9}"
EndProject
Project("{FAE04EC0-301F-11D3-BF4B-00C04F79EFBC}") = "LageBuch.Persistence.Tests", "tests\LageBuch.Persistence.Tests\LageBuch.Persistence.Tests.csproj", "{F4E52A7C-E34B-4F09-A978-843D72BB7C1E}"
EndProject
Project("{FAE04EC0-301F-11D3-BF4B-00C04F79EFBC}") = "LageBuch.Documents", "src\LageBuch.Documents\LageBuch.Documents.csproj", "{99734780-20C5-46BA-935A-14369DD2CCF5}"
EndProject
Project("{FAE04EC0-301F-11D3-BF4B-00C04F79EFBC}") = "LageBuch.Documents.Tests", "tests\LageBuch.Documents.Tests\LageBuch.Documents.Tests.csproj", "{20A4315A-E3C4-408D-9D99-DCD98E7AD7A3}"
EndProject
Project("{FAE04EC0-301F-11D3-BF4B-00C04F79EFBC}") = "LageBuch.AppLogic", "src\LageBuch.AppLogic\LageBuch.AppLogic.csproj", "{7825AFCB-DAFF-49B1-9FA6-7BE561C4B56B}"
EndProject
Project("{FAE04EC0-301F-11D3-BF4B-00C04F79EFBC}") = "LageBuch.AppLogic.Tests", "tests\LageBuch.AppLogic.Tests\LageBuch.AppLogic.Tests.csproj", "{988BC3FA-E298-4F5D-8402-432BB346845E}"
EndProject
Project("{FAE04EC0-301F-11D3-BF4B-00C04F79EFBC}") = "LageBuch.App.Shared", "src\LageBuch.App.Shared\LageBuch.App.Shared.csproj", "{1E2AA3D4-27E2-461F-9817-1F2E920289AF}"
EndProject
Project("{FAE04EC0-301F-11D3-BF4B-00C04F79EFBC}") = "LageBuch.App.Android", "src\LageBuch.App.Android\LageBuch.App.Android.csproj", "{B712CFB8-CCF5-4EF6-BA00-B6DB8D4CD69C}"
EndProject
Project("{FAE04EC0-301F-11D3-BF4B-00C04F79EFBC}") = "LageBuch.App", "src\LageBuch.App\LageBuch.App.csproj", "{AC866715-F131-490E-814A-5A34134D61DB}"
EndProject
Project("{FAE04EC0-301F-11D3-BF4B-00C04F79EFBC}") = "LageBuch.App.Tests", "tests\LageBuch.App.Tests\LageBuch.App.Tests.csproj", "{E8834894-960E-4535-ACDC-4A5391C53BD6}"
EndProject
Project("{FAE04EC0-301F-11D3-BF4B-00C04F79EFBC}") = "LageBuch.Acceptance.Tests", "tests\LageBuch.Acceptance.Tests\LageBuch.Acceptance.Tests.csproj", "{93C193FA-3EB4-4694-AAF9-4A5760557ACA}"
EndProject
Project("{FAE04EC0-301F-11D3-BF4B-00C04F79EFBC}") = "LageBuch.Sync", "src\LageBuch.Sync\LageBuch.Sync.csproj", "{844D5CA3-2115-4416-9B5E-871104F19D2F}"
EndProject
Project("{FAE04EC0-301F-11D3-BF4B-00C04F79EFBC}") = "LageBuch.Sync.Tests", "tests\LageBuch.Sync.Tests\LageBuch.Sync.Tests.csproj", "{5A14F9A8-77E6-4840-A32E-CB4D90A9577A}"
EndProject
Project("{FAE04EC0-301F-11D3-BF4B-00C04F79EFBC}") = "LageBuch.Sync.Hosting", "src\LageBuch.Sync.Hosting\LageBuch.Sync.Hosting.csproj", "{66BF0F0A-443D-4BD1-8C08-C04B7A52708E}"
EndProject
Project("{FAE04EC0-301F-11D3-BF4B-00C04F79EFBC}") = "LageBuch.Sync.Hosting.Tests", "tests\LageBuch.Sync.Hosting.Tests\LageBuch.Sync.Hosting.Tests.csproj", "{A03D665A-15FC-4D72-84AD-C489F469D325}"
EndProject
Global
	GlobalSection(SolutionConfigurationPlatforms) = preSolution
		Debug|Any CPU = Debug|Any CPU
		Release|Any CPU = Release|Any CPU
	EndGlobalSection
	GlobalSection(SolutionProperties) = preSolution
		HideSolutionNode = FALSE
	EndGlobalSection
	GlobalSection(ProjectConfigurationPlatforms) = postSolution
		{BEAA30F9-2644-469B-8C2B-BC0BA413D457}.Debug|Any CPU.ActiveCfg = Debug|Any CPU
		{BEAA30F9-2644-469B-8C2B-BC0BA413D457}.Debug|Any CPU.Build.0 = Debug|Any CPU
		{BEAA30F9-2644-469B-8C2B-BC0BA413D457}.Release|Any CPU.ActiveCfg = Release|Any CPU
		{BEAA30F9-2644-469B-8C2B-BC0BA413D457}.Release|Any CPU.Build.0 = Release|Any CPU
		{46BC0C00-230B-449A-BA0E-840413737647}.Debug|Any CPU.ActiveCfg = Debug|Any CPU
		{46BC0C00-230B-449A-BA0E-840413737647}.Debug|Any CPU.Build.0 = Debug|Any CPU
		{46BC0C00-230B-449A-BA0E-840413737647}.Release|Any CPU.ActiveCfg = Release|Any CPU
		{46BC0C00-230B-449A-BA0E-840413737647}.Release|Any CPU.Build.0 = Release|Any CPU
		{02FB873A-7108-4336-9B13-C6399B5311F9}.Debug|Any CPU.ActiveCfg = Debug|Any CPU
		{02FB873A-7108-4336-9B13-C6399B5311F9}.Debug|Any CPU.Build.0 = Debug|Any CPU
		{02FB873A-7108-4336-9B13-C6399B5311F9}.Release|Any CPU.ActiveCfg = Release|Any CPU
		{02FB873A-7108-4336-9B13-C6399B5311F9}.Release|Any CPU.Build.0 = Release|Any CPU
		{F4E52A7C-E34B-4F09-A978-843D72BB7C1E}.Debug|Any CPU.ActiveCfg = Debug|Any CPU
		{F4E52A7C-E34B-4F09-A978-843D72BB7C1E}.Debug|Any CPU.Build.0 = Debug|Any CPU
		{F4E52A7C-E34B-4F09-A978-843D72BB7C1E}.Release|Any CPU.ActiveCfg = Release|Any CPU
		{F4E52A7C-E34B-4F09-A978-843D72BB7C1E}.Release|Any CPU.Build.0 = Release|Any CPU
		{99734780-20C5-46BA-935A-14369DD2CCF5}.Debug|Any CPU.ActiveCfg = Debug|Any CPU
		{99734780-20C5-46BA-935A-14369DD2CCF5}.Debug|Any CPU.Build.0 = Debug|Any CPU
		{99734780-20C5-46BA-935A-14369DD2CCF5}.Release|Any CPU.ActiveCfg = Release|Any CPU
		{99734780-20C5-46BA-935A-14369DD2CCF5}.Release|Any CPU.Build.0 = Release|Any CPU
		{20A4315A-E3C4-408D-9D99-DCD98E7AD7A3}.Debug|Any CPU.ActiveCfg = Debug|Any CPU
		{20A4315A-E3C4-408D-9D99-DCD98E7AD7A3}.Debug|Any CPU.Build.0 = Debug|Any CPU
		{20A4315A-E3C4-408D-9D99-DCD98E7AD7A3}.Release|Any CPU.ActiveCfg = Release|Any CPU
		{20A4315A-E3C4-408D-9D99-DCD98E7AD7A3}.Release|Any CPU.Build.0 = Release|Any CPU
		{7825AFCB-DAFF-49B1-9FA6-7BE561C4B56B}.Debug|Any CPU.ActiveCfg = Debug|Any CPU
		{7825AFCB-DAFF-49B1-9FA6-7BE561C4B56B}.Debug|Any CPU.Build.0 = Debug|Any CPU
		{7825AFCB-DAFF-49B1-9FA6-7BE561C4B56B}.Release|Any CPU.ActiveCfg = Release|Any CPU
		{7825AFCB-DAFF-49B1-9FA6-7BE561C4B56B}.Release|Any CPU.Build.0 = Release|Any CPU
		{988BC3FA-E298-4F5D-8402-432BB346845E}.Debug|Any CPU.ActiveCfg = Debug|Any CPU
		{988BC3FA-E298-4F5D-8402-432BB346845E}.Debug|Any CPU.Build.0 = Debug|Any CPU
		{988BC3FA-E298-4F5D-8402-432BB346845E}.Release|Any CPU.ActiveCfg = Release|Any CPU
		{988BC3FA-E298-4F5D-8402-432BB346845E}.Release|Any CPU.Build.0 = Release|Any CPU
		{1E2AA3D4-27E2-461F-9817-1F2E920289AF}.Debug|Any CPU.ActiveCfg = Debug|Any CPU
		{1E2AA3D4-27E2-461F-9817-1F2E920289AF}.Debug|Any CPU.Build.0 = Debug|Any CPU
		{1E2AA3D4-27E2-461F-9817-1F2E920289AF}.Release|Any CPU.ActiveCfg = Release|Any CPU
		{1E2AA3D4-27E2-461F-9817-1F2E920289AF}.Release|Any CPU.Build.0 = Release|Any CPU
		{B712CFB8-CCF5-4EF6-BA00-B6DB8D4CD69C}.Debug|Any CPU.ActiveCfg = Debug|Any CPU
		{B712CFB8-CCF5-4EF6-BA00-B6DB8D4CD69C}.Debug|Any CPU.Build.0 = Debug|Any CPU
		{B712CFB8-CCF5-4EF6-BA00-B6DB8D4CD69C}.Release|Any CPU.ActiveCfg = Release|Any CPU
		{B712CFB8-CCF5-4EF6-BA00-B6DB8D4CD69C}.Release|Any CPU.Build.0 = Release|Any CPU
		{AC866715-F131-490E-814A-5A34134D61DB}.Debug|Any CPU.ActiveCfg = Debug|Any CPU
		{AC866715-F131-490E-814A-5A34134D61DB}.Debug|Any CPU.Build.0 = Debug|Any CPU
		{AC866715-F131-490E-814A-5A34134D61DB}.Release|Any CPU.ActiveCfg = Release|Any CPU
		{AC866715-F131-490E-814A-5A34134D61DB}.Release|Any CPU.Build.0 = Release|Any CPU
		{E8834894-960E-4535-ACDC-4A5391C53BD6}.Debug|Any CPU.ActiveCfg = Debug|Any CPU
		{E8834894-960E-4535-ACDC-4A5391C53BD6}.Debug|Any CPU.Build.0 = Debug|Any CPU
		{E8834894-960E-4535-ACDC-4A5391C53BD6}.Release|Any CPU.ActiveCfg = Release|Any CPU
		{E8834894-960E-4535-ACDC-4A5391C53BD6}.Release|Any CPU.Build.0 = Release|Any CPU
		{93C193FA-3EB4-4694-AAF9-4A5760557ACA}.Debug|Any CPU.ActiveCfg = Debug|Any CPU
		{93C193FA-3EB4-4694-AAF9-4A5760557ACA}.Debug|Any CPU.Build.0 = Debug|Any CPU
		{93C193FA-3EB4-4694-AAF9-4A5760557ACA}.Release|Any CPU.ActiveCfg = Release|Any CPU
		{93C193FA-3EB4-4694-AAF9-4A5760557ACA}.Release|Any CPU.Build.0 = Release|Any CPU
		{844D5CA3-2115-4416-9B5E-871104F19D2F}.Debug|Any CPU.ActiveCfg = Debug|Any CPU
		{844D5CA3-2115-4416-9B5E-871104F19D2F}.Debug|Any CPU.Build.0 = Debug|Any CPU
		{844D5CA3-2115-4416-9B5E-871104F19D2F}.Release|Any CPU.ActiveCfg = Release|Any CPU
		{844D5CA3-2115-4416-9B5E-871104F19D2F}.Release|Any CPU.Build.0 = Release|Any CPU
		{5A14F9A8-77E6-4840-A32E-CB4D90A9577A}.Debug|Any CPU.ActiveCfg = Debug|Any CPU
		{5A14F9A8-77E6-4840-A32E-CB4D90A9577A}.Debug|Any CPU.Build.0 = Debug|Any CPU
		{5A14F9A8-77E6-4840-A32E-CB4D90A9577A}.Release|Any CPU.ActiveCfg = Release|Any CPU
		{5A14F9A8-77E6-4840-A32E-CB4D90A9577A}.Release|Any CPU.Build.0 = Release|Any CPU
		{66BF0F0A-443D-4BD1-8C08-C04B7A52708E}.Debug|Any CPU.ActiveCfg = Debug|Any CPU
		{66BF0F0A-443D-4BD1-8C08-C04B7A52708E}.Debug|Any CPU.Build.0 = Debug|Any CPU
		{66BF0F0A-443D-4BD1-8C08-C04B7A52708E}.Release|Any CPU.ActiveCfg = Release|Any CPU
		{66BF0F0A-443D-4BD1-8C08-C04B7A52708E}.Release|Any CPU.Build.0 = Release|Any CPU
		{A03D665A-15FC-4D72-84AD-C489F469D325}.Debug|Any CPU.ActiveCfg = Debug|Any CPU
		{A03D665A-15FC-4D72-84AD-C489F469D325}.Debug|Any CPU.Build.0 = Debug|Any CPU
		{A03D665A-15FC-4D72-84AD-C489F469D325}.Release|Any CPU.ActiveCfg = Release|Any CPU
		{A03D665A-15FC-4D72-84AD-C489F469D325}.Release|Any CPU.Build.0 = Release|Any CPU
	EndGlobalSection
	GlobalSection(NestedProjects) = preSolution
		{BEAA30F9-2644-469B-8C2B-BC0BA413D457} = {CAFD053B-97E0-4F65-AFA6-6DEB1F160EFD}
		{46BC0C00-230B-449A-BA0E-840413737647} = {122AC94A-9D21-47F9-A1E5-710687074046}
		{02FB873A-7108-4336-9B13-C6399B5311F9} = {CAFD053B-97E0-4F65-AFA6-6DEB1F160EFD}
		{F4E52A7C-E34B-4F09-A978-843D72BB7C1E} = {122AC94A-9D21-47F9-A1E5-710687074046}
		{99734780-20C5-46BA-935A-14369DD2CCF5} = {CAFD053B-97E0-4F65-AFA6-6DEB1F160EFD}
		{20A4315A-E3C4-408D-9D99-DCD98E7AD7A3} = {122AC94A-9D21-47F9-A1E5-710687074046}
		{7825AFCB-DAFF-49B1-9FA6-7BE561C4B56B} = {CAFD053B-97E0-4F65-AFA6-6DEB1F160EFD}
		{988BC3FA-E298-4F5D-8402-432BB346845E} = {122AC94A-9D21-47F9-A1E5-710687074046}
		{1E2AA3D4-27E2-461F-9817-1F2E920289AF} = {CAFD053B-97E0-4F65-AFA6-6DEB1F160EFD}
		{B712CFB8-CCF5-4EF6-BA00-B6DB8D4CD69C} = {CAFD053B-97E0-4F65-AFA6-6DEB1F160EFD}
		{AC866715-F131-490E-814A-5A34134D61DB} = {CAFD053B-97E0-4F65-AFA6-6DEB1F160EFD}
		{E8834894-960E-4535-ACDC-4A5391C53BD6} = {122AC94A-9D21-47F9-A1E5-710687074046}
		{93C193FA-3EB4-4694-AAF9-4A5760557ACA} = {122AC94A-9D21-47F9-A1E5-710687074046}
		{844D5CA3-2115-4416-9B5E-871104F19D2F} = {CAFD053B-97E0-4F65-AFA6-6DEB1F160EFD}
		{5A14F9A8-77E6-4840-A32E-CB4D90A9577A} = {122AC94A-9D21-47F9-A1E5-710687074046}
		{66BF0F0A-443D-4BD1-8C08-C04B7A52708E} = {CAFD053B-97E0-4F65-AFA6-6DEB1F160EFD}
		{A03D665A-15FC-4D72-84AD-C489F469D325} = {122AC94A-9D21-47F9-A1E5-710687074046}
	EndGlobalSection
EndGlobal
